dependencies:
  espressif/button:
    component_hash: 5357a6a2c0c47fa67eb9a4dad8cbd78f848d05409b3557e49ec9948898655cfb
    source:
      type: service
    version: 3.4.0
  espressif/cmake_utilities:
    component_hash: 351350613ceafba240b761b4ea991e0f231ac7a9f59a9ee901f751bddc0bb18f
    source:
      type: service
    version: 0.5.3
  idf:
    component_hash: null
    source:
      type: idf
    version: 5.1.1
manifest_hash: f2219288e6a96a6f97800386df30d5e9043d4ea00a2dcc00c4ef1575379f3721
target: esp32s3
version: 1.0.0
